<?xml version="1.0" encoding="utf-8"?>
<Project ToolsVersion="4.0" xmlns="http://schemas.microsoft.com/developer/msbuild/2003">
  <ItemGroup>
    <Filter Include="Source Files">
      <UniqueIdentifier>{4FC737F1-C7A5-4376-A066-2A32D752A2FF}</UniqueIdentifier>
      <Extensions>cpp;c;cc;cxx;def;odl;idl;hpj;bat;asm;asmx</Extensions>
    </Filter>
    <Filter Include="Header Files">
      <UniqueIdentifier>{93995380-89BD-4b04-88EB-625FBE52EBFB}</UniqueIdentifier>
      <Extensions>h;hh;hpp;hxx;hm;inl;inc;ipp;xsd</Extensions>
    </Filter>
    <Filter Include="Resource Files">
      <UniqueIdentifier>{67DA6AB6-F800-4c08-8B7A-83BB121AAD01}</UniqueIdentifier>
      <Extensions>rc;ico;cur;bmp;dlg;rc2;rct;bin;rgs;gif;jpg;jpeg;jpe;resx;tiff;tif;png;wav;mfcribbon-ms</Extensions>
    </Filter>
    <Filter Include="ImGUI">
      <UniqueIdentifier>{003548c5-3165-473f-9f8d-1dfb25f4b4a6}</UniqueIdentifier>
    </Filter>
    <Filter Include="Header Files\Core">
      <UniqueIdentifier>{526e2aa0-44d8-4396-9c57-cc8a90fd092c}</UniqueIdentifier>
    </Filter>
    <Filter Include="Header Files\Profiler">
      <UniqueIdentifier>{84e6ce8b-5e13-4d38-a2df-5312e919a792}</UniqueIdentifier>
    </Filter>
    <Filter Include="Source Files\Core">
      <UniqueIdentifier>{67c54cb4-830d-4da9-adec-8b6329d3ea1c}</UniqueIdentifier>
    </Filter>
    <Filter Include="Source Files\Profiler">
      <UniqueIdentifier>{3473d27f-a8de-4035-a449-bb8d5e4bff70}</UniqueIdentifier>
    </Filter>
    <Filter Include="Header Files\Events">
      <UniqueIdentifier>{36e6ce63-4205-4180-a138-e99b82a1a290}</UniqueIdentifier>
    </Filter>
    <Filter Include="Source Files\Core\UI">
      <UniqueIdentifier>{cac4f953-0998-47f6-9ab2-772a0c4aba0a}</UniqueIdentifier>
    </Filter>
    <Filter Include="Header Files\Core\UI">
      <UniqueIdentifier>{91356eb4-4113-443a-a60d-c1bea4ce0d00}</UniqueIdentifier>
    </Filter>
  </ItemGroup>
  <ItemGroup>
    <ClCompile Include="..\src\main.cpp">
      <Filter>Source Files</Filter>
    </ClCompile>
    <ClCompile Include="..\deps\glad\src\glad.c">
      <Filter>Source Files</Filter>
    </ClCompile>
    <ClCompile Include="..\src\ProfileApp.cpp">
      <Filter>Source Files</Filter>
    </ClCompile>
    <ClCompile Include="..\deps\imgui\source\imgui.cpp">
      <Filter>ImGUI</Filter>
    </ClCompile>
    <ClCompile Include="..\deps\imgui\source\imgui_demo.cpp">
      <Filter>ImGUI</Filter>
    </ClCompile>
    <ClCompile Include="..\deps\imgui\source\imgui_draw.cpp">
      <Filter>ImGUI</Filter>
    </ClCompile>
    <ClCompile Include="..\deps\imgui\source\imgui_widgets.cpp">
      <Filter>ImGUI</Filter>
    </ClCompile>
    <ClCompile Include="..\deps\imgui\impl\imgui_impl_glfw.cpp">
      <Filter>ImGUI</Filter>
    </ClCompile>
    <ClCompile Include="..\deps\imgui\impl\imgui_impl_opengl3.cpp">
      <Filter>ImGUI</Filter>
    </ClCompile>
    <ClCompile Include="..\src\Core\Application.cpp">
      <Filter>Source Files\Core</Filter>
    </ClCompile>
    <ClCompile Include="..\src\Profile\Instrumentor.cpp">
      <Filter>Source Files\Profiler</Filter>
    </ClCompile>
    <ClCompile Include="..\src\Profile\ProfilerDataProcessor.cpp">
      <Filter>Source Files\Profiler</Filter>
    </ClCompile>
    <ClCompile Include="..\src\Core\Tree.cpp">
      <Filter>Source Files\Core</Filter>
    </ClCompile>
    <ClCompile Include="..\src\Core\UI\UIPanel.cpp">
      <Filter>Source Files\Core\UI</Filter>
    </ClCompile>
    <ClCompile Include="..\src\Core\UI\UITimeline.cpp">
      <Filter>Source Files\Core\UI</Filter>
    </ClCompile>
  </ItemGroup>
  <ItemGroup>
    <ClInclude Include="..\inc\ProfileApp.h">
      <Filter>Header Files</Filter>
    </ClInclude>
    <ClInclude Include="..\deps\imgui\include\imconfig.h">
      <Filter>ImGUI</Filter>
    </ClInclude>
    <ClInclude Include="..\deps\imgui\include\imgui.h">
      <Filter>ImGUI</Filter>
    </ClInclude>
    <ClInclude Include="..\deps\imgui\include\imgui_internal.h">
      <Filter>ImGUI</Filter>
    </ClInclude>
    <ClInclude Include="..\deps\imgui\include\imstb_rectpack.h">
      <Filter>ImGUI</Filter>
    </ClInclude>
    <ClInclude Include="..\deps\imgui\include\imstb_textedit.h">
      <Filter>ImGUI</Filter>
    </ClInclude>
    <ClInclude Include="..\deps\imgui\include\imstb_truetype.h">
      <Filter>ImGUI</Filter>
    </ClInclude>
    <ClInclude Include="..\deps\imgui\impl\imgui_impl_glfw.h">
      <Filter>ImGUI</Filter>
    </ClInclude>
    <ClInclude Include="..\deps\imgui\impl\imgui_impl_opengl3.h">
      <Filter>ImGUI</Filter>
    </ClInclude>
    <ClInclude Include="..\inc\Core\Application.h">
      <Filter>Header Files\Core</Filter>
    </ClInclude>
    <ClInclude Include="..\inc\Profile\Instrumentor.h">
      <Filter>Header Files\Profiler</Filter>
    </ClInclude>
    <ClInclude Include="..\inc\Profile\ProfilerDataProcessor.h">
      <Filter>Header Files\Profiler</Filter>
    </ClInclude>
    <ClInclude Include="..\inc\Core\ErrorCodes.h">
      <Filter>Header Files\Profiler</Filter>
    </ClInclude>
    <ClInclude Include="..\inc\Core\Tree.h">
      <Filter>Header Files\Core</Filter>
    </ClInclude>
    <ClInclude Include="..\inc\Events\Event.h">
      <Filter>Header Files\Events</Filter>
    </ClInclude>
    <ClInclude Include="..\inc\Events\ApplicationEvent.h">
      <Filter>Header Files\Events</Filter>
    </ClInclude>
    <ClInclude Include="..\inc\Core\UI\UITimeline.h">
      <Filter>Header Files\Core\UI</Filter>
    </ClInclude>
    <ClInclude Include="..\inc\Core\UI\UIPanel.h">
      <Filter>Header Files\Core\UI</Filter>
    </ClInclude>
  </ItemGroup>
</Project>